
Microsoft Visual Studio Solution File, Format Version 12.00
# Visual Studio Version 17
VisualStudioVersion = 17.11.35327.3
MinimumVisualStudioVersion = 10.0.40219.1
Project("{8BC9CEB8-8B4A-11D0-8D11-00A0C91BC942}") = "Dynamic2DPracticum", "Dynamic2DPracticum\Dynamic2DPracticum.vcxproj", "{BCDF9373-94A8-4DC8-8FE1-6B4BBBF49D4F}"
EndProject
Global
	GlobalSection(SolutionConfigurationPlatforms) = preSolution
		Debug|x64 = Debug|x64
		Debug|x86 = Debug|x86
		Release|x64 = Release|x64
		Release|x86 = Release|x86
	EndGlobalSection
	GlobalSection(ProjectConfigurationPlatforms) = postSolution
		{BCDF9373-94A8-4DC8-8FE1-6B4BBBF49D4F}.Debug|x64.ActiveCfg = Debug|x64
		{BCDF9373-94A8-4DC8-8FE1-6B4BBBF49D4F}.Debug|x64.Build.0 = Debug|x64
		{BCDF9373-94A8-4DC8-8FE1-6B4BBBF49D4F}.Debug|x86.ActiveCfg = Debug|Win32
		{BCDF9373-94A8-4DC8-8FE1-6B4BBBF49D4F}.Debug|x86.Build.0 = Debug|Win32
		{BCDF9373-94A8-4DC8-8FE1-6B4BBBF49D4F}.Release|x64.ActiveCfg = Release|x64
		{BCDF9373-94A8-4DC8-8FE1-6B4BBBF49D4F}.Release|x64.Build.0 = Release|x64
		{BCDF9373-94A8-4DC8-8FE1-6B4BBBF49D4F}.Release|x86.ActiveCfg = Release|Win32
		{BCDF9373-94A8-4DC8-8FE1-6B4BBBF49D4F}.Release|x86.Build.0 = Release|Win32
	EndGlobalSection
	GlobalSection(SolutionProperties) = preSolution
		HideSolutionNode = FALSE
	EndGlobalSection
	GlobalSection(ExtensibilityGlobals) = postSolution
		SolutionGuid = {AACC8300-E69D-4D1B-B320-8B5575BFE31D}
	EndGlobalSection
EndGlobal
