
Microsoft Visual Studio Solution File, Format Version 12.00
# Visual Studio Version 17
VisualStudioVersion = 17.11.35312.102
MinimumVisualStudioVersion = 10.0.40219.1
Project("{8BC9CEB8-8B4A-11D0-8D11-00A0C91BC942}") = "Practicum7", "Practicum7\Practicum7.vcxproj", "{EDCE1100-3417-41D6-BD4B-E7A65D7883FD}"
EndProject
Global
	GlobalSection(SolutionConfigurationPlatforms) = preSolution
		Debug|x64 = Debug|x64
		Debug|x86 = Debug|x86
		Release|x64 = Release|x64
		Release|x86 = Release|x86
	EndGlobalSection
	GlobalSection(ProjectConfigurationPlatforms) = postSolution
		{EDCE1100-3417-41D6-BD4B-E7A65D7883FD}.Debug|x64.ActiveCfg = Debug|x64
		{EDCE1100-3417-41D6-BD4B-E7A65D7883FD}.Debug|x64.Build.0 = Debug|x64
		{EDCE1100-3417-41D6-BD4B-E7A65D7883FD}.Debug|x86.ActiveCfg = Debug|Win32
		{EDCE1100-3417-41D6-BD4B-E7A65D7883FD}.Debug|x86.Build.0 = Debug|Win32
		{EDCE1100-3417-41D6-BD4B-E7A65D7883FD}.Release|x64.ActiveCfg = Release|x64
		{EDCE1100-3417-41D6-BD4B-E7A65D7883FD}.Release|x64.Build.0 = Release|x64
		{EDCE1100-3417-41D6-BD4B-E7A65D7883FD}.Release|x86.ActiveCfg = Release|Win32
		{EDCE1100-3417-41D6-BD4B-E7A65D7883FD}.Release|x86.Build.0 = Release|Win32
	EndGlobalSection
	GlobalSection(SolutionProperties) = preSolution
		HideSolutionNode = FALSE
	EndGlobalSection
	GlobalSection(ExtensibilityGlobals) = postSolution
		SolutionGuid = {7EDABBE1-51A8-462A-A9FA-480F6143D561}
	EndGlobalSection
EndGlobal
